<?xml version="1.0" encoding="utf-8"?>
<Project ToolsVersion="4.0" xmlns="http://schemas.microsoft.com/developer/msbuild/2003">
  <ItemGroup>
    <Filter Include="resource">
      <UniqueIdentifier>{fda9d6a2-675d-4240-a4f0-eeadc4daf1d6}</UniqueIdentifier>
      <Extensions>rc;ico;cur;bmp;dlg;rc2;rct;bin;rgs;jpg;jpeg;jpe;png;manifest</Extensions>
    </Filter>
    <Filter Include="App">
      <UniqueIdentifier>{f46d4bc2-77bb-4ab0-b0c0-45892ec4593b}</UniqueIdentifier>
    </Filter>
    <Filter Include="Helper">
      <UniqueIdentifier>{9345da82-dc53-4541-9bb3-766110e5be58}</UniqueIdentifier>
    </Filter>
    <Filter Include="Model">
      <UniqueIdentifier>{360dbf41-87ea-4345-86e3-093160cb01c5}</UniqueIdentifier>
    </Filter>
    <Filter Include="Managers">
      <UniqueIdentifier>{1e27227c-c211-4461-8af2-aad186e0dc1f}</UniqueIdentifier>
    </Filter>
    <Filter Include="Utility">
      <UniqueIdentifier>{279aa3da-3492-4745-a5c9-b46544947906}</UniqueIdentifier>
    </Filter>
    <Filter Include="Libs">
      <UniqueIdentifier>{5f5568c8-1af6-44ae-917b-6072e18cd25b}</UniqueIdentifier>
    </Filter>
    <Filter Include="xml">
      <UniqueIdentifier>{76481bb3-1ca7-49f3-bedf-407c08f92f92}</UniqueIdentifier>
    </Filter>
    <Filter Include="MessagePump">
      <UniqueIdentifier>{0f80fc17-d3bb-4b4c-97b2-e8d367ccbad8}</UniqueIdentifier>
    </Filter>
    <Filter Include="Common">
      <UniqueIdentifier>{091eb598-79b7-4322-89d4-c756514b11b0}</UniqueIdentifier>
    </Filter>
    <Filter Include="StateMachine">
      <UniqueIdentifier>{35d9c63d-b8bd-4265-8447-113b1082de32}</UniqueIdentifier>
    </Filter>
    <Filter Include="Sprites">
      <UniqueIdentifier>{8c14d31e-7e23-4ecb-974f-5349da562972}</UniqueIdentifier>
    </Filter>
    <Filter Include="Entity">
      <UniqueIdentifier>{c53c23b4-f204-4001-aebb-06f1c5fba3a9}</UniqueIdentifier>
    </Filter>
  </ItemGroup>
  <ItemGroup>
    <Image Include="res\TileGameDemo.ico">
      <Filter>resource</Filter>
    </Image>
    <Image Include="..\Resources\CloseNormal.png">
      <Filter>resource</Filter>
    </Image>
    <Image Include="..\Resources\CloseSelected.png">
      <Filter>resource</Filter>
    </Image>
    <Image Include="..\Resources\HelloWorld.png">
      <Filter>resource</Filter>
    </Image>
    <Image Include="..\Resources\map_960_720.png">
      <Filter>resource</Filter>
    </Image>
    <Image Include="..\Resources\meta_tiles.png">
      <Filter>resource</Filter>
    </Image>
    <Image Include="..\Resources\meta_tiles_960.png">
      <Filter>resource</Filter>
    </Image>
    <Image Include="..\Resources\Player.png">
      <Filter>resource</Filter>
    </Image>
    <Image Include="..\Resources\sprite_level15_2-ipadhd.png">
      <Filter>resource</Filter>
    </Image>
    <Image Include="..\Resources\tmw_desert_spacing.png">
      <Filter>resource</Filter>
    </Image>
    <Image Include="..\Resources\bombs_0002.png">
      <Filter>resource</Filter>
    </Image>
  </ItemGroup>
  <ItemGroup>
    <ResourceCompile Include="TileGameDemo.rc">
      <Filter>resource</Filter>
    </ResourceCompile>
  </ItemGroup>
  <ItemGroup>
    <ClInclude Include="..\Classes\App\AppDelegate.h">
      <Filter>App</Filter>
    </ClInclude>
    <ClInclude Include="..\Classes\App\HelloWorldScene.h">
      <Filter>App</Filter>
    </ClInclude>
    <ClInclude Include="main.h" />
    <ClInclude Include="resource.h" />
    <ClInclude Include="..\Classes\Sprites\Bullet.h">
      <Filter>Sprites</Filter>
    </ClInclude>
    <ClInclude Include="..\Classes\Helper\CommonHelpers.h">
      <Filter>Helper</Filter>
    </ClInclude>
    <ClInclude Include="..\Classes\Helper\SpriteHelpers.h">
      <Filter>Helper</Filter>
    </ClInclude>
    <ClInclude Include="..\Classes\Model\Enumeration.h">
      <Filter>Model</Filter>
    </ClInclude>
    <ClInclude Include="..\Classes\Sprites\Tower.h">
      <Filter>Sprites</Filter>
    </ClInclude>
    <ClInclude Include="..\Classes\Model\TowerInformation.h">
      <Filter>Model</Filter>
    </ClInclude>
    <ClInclude Include="..\Classes\Sprites\TowerMenu.h">
      <Filter>Sprites</Filter>
    </ClInclude>
    <ClInclude Include="..\Classes\Managers\EnemyManager.h">
      <Filter>Managers</Filter>
    </ClInclude>
    <ClInclude Include="..\Classes\Model\Models.h">
      <Filter>Model</Filter>
    </ClInclude>
    <ClInclude Include="..\Classes\Managers\LevelsManager.h">
      <Filter>Managers</Filter>
    </ClInclude>
    <ClInclude Include="..\Classes\Utility\XmlReader.h">
      <Filter>Utility</Filter>
    </ClInclude>
    <ClInclude Include="..\Classes\Managers\TowerManager.h">
      <Filter>Managers</Filter>
    </ClInclude>
    <ClInclude Include="..\Classes\Sprites\EnemyUnit.h">
      <Filter>Sprites</Filter>
    </ClInclude>
    <ClInclude Include="..\Classes\Sprites\AllyUnit.h">
      <Filter>Sprites</Filter>
    </ClInclude>
    <ClInclude Include="..\Classes\MessagePump\MsgObject.h">
      <Filter>MessagePump</Filter>
    </ClInclude>
    <ClInclude Include="..\Classes\MessagePump\MsgRoute.h">
      <Filter>MessagePump</Filter>
    </ClInclude>
    <ClInclude Include="..\Classes\Common\Common.h">
      <Filter>Common</Filter>
    </ClInclude>
    <ClInclude Include="..\Classes\Sprites\Entity.h">
      <Filter>Sprites</Filter>
    </ClInclude>
    <ClInclude Include="..\Classes\Sprites\ActiveEntity.h">
      <Filter>Sprites</Filter>
    </ClInclude>
    <ClInclude Include="..\Classes\Managers\EntityManager.h">
      <Filter>Managers</Filter>
    </ClInclude>
    <ClInclude Include="..\Classes\Managers\AllyManager.h">
      <Filter>Managers</Filter>
    </ClInclude>
    <ClInclude Include="..\Classes\StateMachine\StateMachine.h">
      <Filter>StateMachine</Filter>
    </ClInclude>
    <ClInclude Include="..\Classes\StateMachine\State.h">
      <Filter>StateMachine</Filter>
    </ClInclude>
    <ClInclude Include="..\Classes\Entity\Entity.h">
      <Filter>Entity</Filter>
    </ClInclude>
    <ClInclude Include="..\Classes\Entity\StaticEntity.h">
      <Filter>Entity</Filter>
    </ClInclude>
    <ClInclude Include="..\Classes\Entity\HeroEntity.h">
      <Filter>Entity</Filter>
    </ClInclude>
  </ItemGroup>
  <ItemGroup>
    <ClCompile Include="..\Classes\App\AppDelegate.cpp">
      <Filter>App</Filter>
    </ClCompile>
    <ClCompile Include="..\Classes\App\HelloWorldScene.cpp">
      <Filter>App</Filter>
    </ClCompile>
    <ClCompile Include="main.cpp" />
    <ClCompile Include="..\Classes\Sprites\Bullet.cpp">
      <Filter>Sprites</Filter>
    </ClCompile>
    <ClCompile Include="..\Classes\Sprites\Tower.cpp">
      <Filter>Sprites</Filter>
    </ClCompile>
    <ClCompile Include="..\Classes\Model\TowerInformation.cpp">
      <Filter>Model</Filter>
    </ClCompile>
    <ClCompile Include="..\Classes\Sprites\TowerMenu.cpp">
      <Filter>Sprites</Filter>
    </ClCompile>
    <ClCompile Include="..\Classes\Managers\EnemyManager.cpp">
      <Filter>Managers</Filter>
    </ClCompile>
    <ClCompile Include="..\Classes\Managers\LevelsManager.cpp">
      <Filter>Managers</Filter>
    </ClCompile>
    <ClCompile Include="..\Classes\Utility\XmlReader.cpp">
      <Filter>Utility</Filter>
    </ClCompile>
    <ClCompile Include="..\Classes\Managers\TowerManager.cpp">
      <Filter>Managers</Filter>
    </ClCompile>
    <ClCompile Include="..\Classes\Sprites\EnemyUnit.cpp">
      <Filter>Sprites</Filter>
    </ClCompile>
    <ClCompile Include="..\Classes\Sprites\AllyUnit.cpp">
      <Filter>Sprites</Filter>
    </ClCompile>
    <ClCompile Include="..\Classes\MessagePump\MsgObject.cpp">
      <Filter>MessagePump</Filter>
    </ClCompile>
    <ClCompile Include="..\Classes\MessagePump\MsgRoute.cpp">
      <Filter>MessagePump</Filter>
    </ClCompile>
    <ClCompile Include="..\Classes\Sprites\Entity.cpp">
      <Filter>Sprites</Filter>
    </ClCompile>
    <ClCompile Include="..\Classes\Sprites\ActiveEntity.cpp">
      <Filter>Sprites</Filter>
    </ClCompile>
    <ClCompile Include="..\Classes\Managers\EntityManager.cpp">
      <Filter>Managers</Filter>
    </ClCompile>
    <ClCompile Include="..\Classes\Managers\AllyManager.cpp">
      <Filter>Managers</Filter>
    </ClCompile>
    <ClCompile Include="..\Classes\StateMachine\StateMachine.cpp">
      <Filter>StateMachine</Filter>
    </ClCompile>
    <ClCompile Include="..\Classes\StateMachine\State.cpp">
      <Filter>StateMachine</Filter>
    </ClCompile>
    <ClCompile Include="..\Classes\Entity\StaticEntity.cpp">
      <Filter>Entity</Filter>
    </ClCompile>
    <ClCompile Include="..\Classes\Entity\HeroEntity.cpp">
      <Filter>Entity</Filter>
    </ClCompile>
  </ItemGroup>
  <ItemGroup>
    <None Include="..\Resources\hit.caf">
      <Filter>resource</Filter>
    </None>
    <None Include="..\Resources\KingdomRush.tmx">
      <Filter>resource</Filter>
    </None>
    <None Include="..\Resources\KingdomRushTest.tmx">
      <Filter>resource</Filter>
    </None>
    <None Include="..\Resources\move.caf">
      <Filter>resource</Filter>
    </None>
    <None Include="..\Resources\pickup.caf">
      <Filter>resource</Filter>
    </None>
    <None Include="..\Resources\TileMap.caf">
      <Filter>resource</Filter>
    </None>
    <None Include="..\Resources\TileMap.tmx">
      <Filter>resource</Filter>
    </None>
    <None Include="..\Resources\TileMap.tmx.bak">
      <Filter>resource</Filter>
    </None>
    <None Include="..\Resources\KingdomRush_960_720.tmx">
      <Filter>xml</Filter>
    </None>
  </ItemGroup>
  <ItemGroup>
    <Xml Include="..\Resources\EnemyInfo.xml">
      <Filter>xml</Filter>
    </Xml>
    <Xml Include="..\Resources\LevelsInfo.xml">
      <Filter>xml</Filter>
    </Xml>
    <Xml Include="..\Resources\TowerInfo.xml">
      <Filter>xml</Filter>
    </Xml>
    <Xml Include="..\Resources\AllyInfo.xml">
      <Filter>xml</Filter>
    </Xml>
  </ItemGroup>
</Project>